
Microsoft Visual Studio Solution File, Format Version 12.00
# Visual Studio Version 16
VisualStudioVersion = 16.0.30114.105
MinimumVisualStudioVersion = 10.0.40219.1
Project("{FAE04EC0-301F-11D3-BF4B-00C04F79EFBC}") = "Promethium.JS", "Promethium.JS.csproj", "{8603A84D-6A56-48D9-AE84-BF6FAFB76AAE}"
EndProject
Global
	GlobalSection(SolutionConfigurationPlatforms) = preSolution
		Debug|Any CPU = Debug|Any CPU
		Release|Any CPU = Release|Any CPU
	EndGlobalSection
	GlobalSection(ProjectConfigurationPlatforms) = postSolution
		{8603A84D-6A56-48D9-AE84-BF6FAFB76AAE}.Debug|Any CPU.ActiveCfg = Debug|Any CPU
		{8603A84D-6A56-48D9-AE84-BF6FAFB76AAE}.Debug|Any CPU.Build.0 = Debug|Any CPU
		{8603A84D-6A56-48D9-AE84-BF6FAFB76AAE}.Release|Any CPU.ActiveCfg = Release|Any CPU
		{8603A84D-6A56-48D9-AE84-BF6FAFB76AAE}.Release|Any CPU.Build.0 = Release|Any CPU
	EndGlobalSection
	GlobalSection(SolutionProperties) = preSolution
		HideSolutionNode = FALSE
	EndGlobalSection
	GlobalSection(ExtensibilityGlobals) = postSolution
		SolutionGuid = {2DA27126-DC9A-4C35-B3B2-3B8458BDC83E}
	EndGlobalSection
EndGlobal
